#MicroXplorer Configuration settings - do not modify
#Thu Jun 05 14:27:47 CEST 2014
File.Version=1
KeepUserPlacement=false
Mcu.Family=STM32F3
Mcu.IP0=CAN
Mcu.IP1=SYS
Mcu.IPNb=2
Mcu.Name=STM32F303C(B-C)Tx
Mcu.Package=LQFP48
Mcu.Pin0=PF0-OSC_IN
Mcu.Pin1=PF1-OSC_OUT
Mcu.Pin2=PA13
Mcu.Pin3=PA14
Mcu.Pin4=PA15
Mcu.Pin5=PB3
Mcu.Pin6=PB8
Mcu.Pin7=PB9
Mcu.PinsNb=8
Mcu.UserName=STM32F303CBTx
PA13.Mode=JTAG(4-pin)
PA13.Signal=SYS_JTMS-SWDIO
PA14.Mode=JTAG(4-pin)
PA14.Signal=SYS_JTCK-SWCLK
PA15.Mode=JTAG(4-pin)
PA15.Signal=SYS_JTDI
PB3.Mode=JTAG(4-pin)
PB3.Signal=SYS_JTDO-TRACESWO
PB8.Mode=Master
PB8.Signal=CAN_RX
PB9.Mode=Master
PB9.Signal=CAN_TX
PF0-OSC_IN.Signal=SYS_OSC_IN
PF1-OSC_OUT.GPIOParameters=GPIO_Label
PF1-OSC_OUT.GPIO_Label=LED
PF1-OSC_OUT.Signal=GPIO_Output
