#MicroXplorer Configuration settings - do not modify
#Wed Jun 11 09:55:17 CEST 2014
File.Version=1
KeepUserPlacement=false
Mcu.Family=STM32F3
Mcu.IP0=CAN
Mcu.IP1=I2C2
Mcu.IP2=SPI2
Mcu.IP3=SYS
Mcu.IP4=USART3
Mcu.IP5=USB
Mcu.IPNb=6
Mcu.Name=STM32F303C(B-C)Tx
Mcu.Package=LQFP48
Mcu.Pin0=PF0-OSC_IN
Mcu.Pin1=PF1-OSC_OUT
Mcu.Pin10=PA11
Mcu.Pin11=PA12
Mcu.Pin12=PA13
Mcu.Pin13=PA14
Mcu.Pin14=PA15
Mcu.Pin15=PB3
Mcu.Pin16=PB8
Mcu.Pin17=PB9
Mcu.Pin2=PB10
Mcu.Pin3=PB11
Mcu.Pin4=PB12
Mcu.Pin5=PB13
Mcu.Pin6=PB14
Mcu.Pin7=PB15
Mcu.Pin8=PA9
Mcu.Pin9=PA10
Mcu.PinsNb=18
Mcu.UserName=STM32F303CBTx
PA10.Mode=I2C
PA10.Signal=I2C2_SDA
PA11.Mode=Dummy
PA11.Signal=USB_DM
PA12.Mode=Dummy
PA12.Signal=USB_DP
PA13.Mode=JTAG(4-pin)
PA13.Signal=SYS_JTMS-SWDIO
PA14.Mode=JTAG(4-pin)
PA14.Signal=SYS_JTCK-SWCLK
PA15.Mode=JTAG(4-pin)
PA15.Signal=SYS_JTDI
PA9.Mode=I2C
PA9.Signal=I2C2_SCL
PB10.Mode=Asynchronous
PB10.Signal=USART3_TX
PB11.Mode=Asynchronous
PB11.Signal=USART3_RX
PB12.Mode=NSS_Signal_Hard
PB12.Signal=SPI2_NSS
PB13.Mode=Full_Duplex_Master
PB13.Signal=SPI2_SCK
PB14.Mode=Full_Duplex_Master
PB14.Signal=SPI2_MISO
PB15.Mode=Full_Duplex_Master
PB15.Signal=SPI2_MOSI
PB3.Mode=JTAG(4-pin)
PB3.Signal=SYS_JTDO-TRACESWO
PB8.Mode=Master
PB8.Signal=CAN_RX
PB9.Mode=Master
PB9.Signal=CAN_TX
PF0-OSC_IN.Signal=SYS_OSC_IN
PF1-OSC_OUT.GPIOParameters=GPIO_Label
PF1-OSC_OUT.GPIO_Label=LED
PF1-OSC_OUT.Signal=GPIO_Output
